// !$*UTF8*$!
{
	archiveVersion = 1;
	classes = {
	};
	objectVersion = 55;
	objects = {

/* Begin PBXBuildFile section */
		43D7132E1829382F0089274E /* RSBypass-Prefix.pch in Headers */ = {isa = PBXBuildFile; fileRef = 43D71327182937A10089274E /* RSBypass-Prefix.pch */; };
		43D7132F182938310089274E /* RSBypass.h in Headers */ = {isa = PBXBuildFile; fileRef = 43D71328182937A10089274E /* RSBypass.h */; };
		43D713301829383C0089274E /* RSBypass.m in Sources */ = {isa = PBXBuildFile; fileRef = 43D71329182937A10089274E /* RSBypass.m */; };
		FA88A0861680711D00915B81 /* Cocoa.framework in Frameworks */ = {isa = PBXBuildFile; fileRef = FA88A0851680711D00915B81 /* Cocoa.framework */; };
/* End PBXBuildFile section */

/* Begin PBXFileReference section */
		2ECA8D91274E719900A2C10F /* libBypass.dylib */ = {isa = PBXFileReference; explicitFileType = "compiled.mach-o.dylib"; includeInIndex = 0; path = libBypass.dylib; sourceTree = BUILT_PRODUCTS_DIR; };
		43D71327182937A10089274E /* RSBypass-Prefix.pch */ = {isa = PBXFileReference; fileEncoding = 4; lastKnownFileType = sourcecode.c.h; name = "RSBypass-Prefix.pch"; path = "RSBypass/RSBypass-Prefix.pch"; sourceTree = SOURCE_ROOT; };
		43D71328182937A10089274E /* RSBypass.h */ = {isa = PBXFileReference; fileEncoding = 4; lastKnownFileType = sourcecode.c.h; name = RSBypass.h; path = RSBypass/RSBypass.h; sourceTree = SOURCE_ROOT; };
		43D71329182937A10089274E /* RSBypass.m */ = {isa = PBXFileReference; fileEncoding = 4; lastKnownFileType = sourcecode.c.objc; name = RSBypass.m; path = RSBypass/RSBypass.m; sourceTree = SOURCE_ROOT; };
		FA88A0821680711D00915B81 /* RSBypass.dylib */ = {isa = PBXFileReference; explicitFileType = "compiled.mach-o.dylib"; includeInIndex = 0; path = RSBypass.dylib; sourceTree = BUILT_PRODUCTS_DIR; };
		FA88A0851680711D00915B81 /* Cocoa.framework */ = {isa = PBXFileReference; lastKnownFileType = wrapper.framework; name = Cocoa.framework; path = System/Library/Frameworks/Cocoa.framework; sourceTree = SDKROOT; };
		FA88A0881680711D00915B81 /* AppKit.framework */ = {isa = PBXFileReference; lastKnownFileType = wrapper.framework; name = AppKit.framework; path = System/Library/Frameworks/AppKit.framework; sourceTree = SDKROOT; };
		FA88A08A1680711D00915B81 /* Foundation.framework */ = {isa = PBXFileReference; lastKnownFileType = wrapper.framework; name = Foundation.framework; path = System/Library/Frameworks/Foundation.framework; sourceTree = SDKROOT; };
/* End PBXFileReference section */

/* Begin PBXFrameworksBuildPhase section */
		2ECA8D8F274E719900A2C10F /* Frameworks */ = {
			isa = PBXFrameworksBuildPhase;
			buildActionMask = 2147483647;
			files = (
			);
			runOnlyForDeploymentPostprocessing = 0;
		};
		FA88A07F1680711D00915B81 /* Frameworks */ = {
			isa = PBXFrameworksBuildPhase;
			buildActionMask = 2147483647;
			files = (
				FA88A0861680711D00915B81 /* Cocoa.framework in Frameworks */,
			);
			runOnlyForDeploymentPostprocessing = 0;
		};
/* End PBXFrameworksBuildPhase section */

/* Begin PBXGroup section */
		FA88A0771680711D00915B81 = {
			isa = PBXGroup;
			children = (
				FA88A08B1680711D00915B81 /* RSBypass */,
				FA88A0841680711D00915B81 /* Frameworks */,
				FA88A0831680711D00915B81 /* Products */,
			);
			sourceTree = "<group>";
			usesTabs = 0;
		};
		FA88A0831680711D00915B81 /* Products */ = {
			isa = PBXGroup;
			children = (
				FA88A0821680711D00915B81 /* RSBypass.dylib */,
				2ECA8D91274E719900A2C10F /* libBypass.dylib */,
			);
			name = Products;
			sourceTree = "<group>";
		};
		FA88A0841680711D00915B81 /* Frameworks */ = {
			isa = PBXGroup;
			children = (
				FA88A08A1680711D00915B81 /* Foundation.framework */,
				FA88A0881680711D00915B81 /* AppKit.framework */,
				FA88A0851680711D00915B81 /* Cocoa.framework */,
			);
			name = Frameworks;
			sourceTree = "<group>";
		};
		FA88A08B1680711D00915B81 /* RSBypass */ = {
			isa = PBXGroup;
			children = (
				43D71327182937A10089274E /* RSBypass-Prefix.pch */,
				43D71328182937A10089274E /* RSBypass.h */,
				43D71329182937A10089274E /* RSBypass.m */,
			);
			path = RSBypass;
			sourceTree = "<group>";
		};
/* End PBXGroup section */

/* Begin PBXHeadersBuildPhase section */
		2ECA8D8D274E719900A2C10F /* Headers */ = {
			isa = PBXHeadersBuildPhase;
			buildActionMask = 2147483647;
			files = (
			);
			runOnlyForDeploymentPostprocessing = 0;
		};
		FA88A0801680711D00915B81 /* Headers */ = {
			isa = PBXHeadersBuildPhase;
			buildActionMask = 2147483647;
			files = (
				43D7132F182938310089274E /* RSBypass.h in Headers */,
				43D7132E1829382F0089274E /* RSBypass-Prefix.pch in Headers */,
			);
			runOnlyForDeploymentPostprocessing = 0;
		};
/* End PBXHeadersBuildPhase section */

/* Begin PBXNativeTarget section */
		2ECA8D90274E719900A2C10F /* Bypass */ = {
			isa = PBXNativeTarget;
			buildConfigurationList = 2ECA8D99274E719900A2C10F /* Build configuration list for PBXNativeTarget "Bypass" */;
			buildPhases = (
				2ECA8D8D274E719900A2C10F /* Headers */,
				2ECA8D8E274E719900A2C10F /* Sources */,
				2ECA8D8F274E719900A2C10F /* Frameworks */,
			);
			buildRules = (
			);
			dependencies = (
			);
			name = Bypass;
			productName = Bypass;
			productReference = 2ECA8D91274E719900A2C10F /* libBypass.dylib */;
			productType = "com.apple.product-type.library.dynamic";
		};
		FA88A0811680711D00915B81 /* RSBypass */ = {
			isa = PBXNativeTarget;
			buildConfigurationList = FA88A0931680711D00915B81 /* Build configuration list for PBXNativeTarget "RSBypass" */;
			buildPhases = (
				FA88A07E1680711D00915B81 /* Sources */,
				FA88A07F1680711D00915B81 /* Frameworks */,
				FA88A0801680711D00915B81 /* Headers */,
			);
			buildRules = (
			);
			dependencies = (
			);
			name = RSBypass;
			productName = CalculatorOverrides;
			productReference = FA88A0821680711D00915B81 /* RSBypass.dylib */;
			productType = "com.apple.product-type.library.dynamic";
		};
/* End PBXNativeTarget section */

/* Begin PBXProject section */
		FA88A0791680711D00915B81 /* Project object */ = {
			isa = PBXProject;
			attributes = {
				LastUpgradeCheck = 1310;
				ORGANIZATIONNAME = Aik002;
				TargetAttributes = {
					2ECA8D90274E719900A2C10F = {
						CreatedOnToolsVersion = 13.1;
					};
				};
			};
			buildConfigurationList = FA88A07C1680711D00915B81 /* Build configuration list for PBXProject "RSBypass" */;
			compatibilityVersion = "Xcode 13.0";
			developmentRegion = en;
			hasScannedForEncodings = 0;
			knownRegions = (
				en,
				Base,
			);
			mainGroup = FA88A0771680711D00915B81;
			productRefGroup = FA88A0831680711D00915B81 /* Products */;
			projectDirPath = "";
			projectRoot = "";
			targets = (
				FA88A0811680711D00915B81 /* RSBypass */,
				2ECA8D90274E719900A2C10F /* Bypass */,
			);
		};
/* End PBXProject section */

/* Begin PBXSourcesBuildPhase section */
		2ECA8D8E274E719900A2C10F /* Sources */ = {
			isa = PBXSourcesBuildPhase;
			buildActionMask = 2147483647;
			files = (
			);
			runOnlyForDeploymentPostprocessing = 0;
		};
		FA88A07E1680711D00915B81 /* Sources */ = {
			isa = PBXSourcesBuildPhase;
			buildActionMask = 2147483647;
			files = (
				43D713301829383C0089274E /* RSBypass.m in Sources */,
			);
			runOnlyForDeploymentPostprocessing = 0;
		};
/* End PBXSourcesBuildPhase section */

/* Begin XCBuildConfiguration section */
		2ECA8D97274E719900A2C10F /* Debug */ = {
			isa = XCBuildConfiguration;
			buildSettings = {
				CLANG_ANALYZER_NONNULL = YES;
				CLANG_ANALYZER_NUMBER_OBJECT_CONVERSION = YES_AGGRESSIVE;
				CLANG_CXX_LANGUAGE_STANDARD = "gnu++17";
				CLANG_ENABLE_MODULES = YES;
				CLANG_ENABLE_OBJC_ARC = YES;
				CLANG_ENABLE_OBJC_WEAK = YES;
				CLANG_WARN_DIRECT_OBJC_ISA_USAGE = YES_ERROR;
				CLANG_WARN_DOCUMENTATION_COMMENTS = YES;
				CLANG_WARN_OBJC_ROOT_CLASS = YES_ERROR;
				CLANG_WARN_UNGUARDED_AVAILABILITY = YES_AGGRESSIVE;
				CODE_SIGN_STYLE = Automatic;
				DEBUG_INFORMATION_FORMAT = dwarf;
				DEVELOPMENT_TEAM = 5SHR3N6R3U;
				DYLIB_COMPATIBILITY_VERSION = 1;
				DYLIB_CURRENT_VERSION = 1;
				EXECUTABLE_PREFIX = lib;
				GCC_C_LANGUAGE_STANDARD = gnu11;
				GCC_WARN_ABOUT_RETURN_TYPE = YES_ERROR;
				GCC_WARN_UNINITIALIZED_AUTOS = YES_AGGRESSIVE;
				MTL_ENABLE_DEBUG_INFO = INCLUDE_SOURCE;
				MTL_FAST_MATH = YES;
				PRODUCT_NAME = "$(TARGET_NAME)";
				SKIP_INSTALL = YES;
			};
			name = Debug;
		};
		2ECA8D98274E719900A2C10F /* Release */ = {
			isa = XCBuildConfiguration;
			buildSettings = {
				CLANG_ANALYZER_NONNULL = YES;
				CLANG_ANALYZER_NUMBER_OBJECT_CONVERSION = YES_AGGRESSIVE;
				CLANG_CXX_LANGUAGE_STANDARD = "gnu++17";
				CLANG_ENABLE_MODULES = YES;
				CLANG_ENABLE_OBJC_ARC = YES;
				CLANG_ENABLE_OBJC_WEAK = YES;
				CLANG_WARN_DIRECT_OBJC_ISA_USAGE = YES_ERROR;
				CLANG_WARN_DOCUMENTATION_COMMENTS = YES;
				CLANG_WARN_OBJC_ROOT_CLASS = YES_ERROR;
				CLANG_WARN_UNGUARDED_AVAILABILITY = YES_AGGRESSIVE;
				CODE_SIGN_STYLE = Automatic;
				COPY_PHASE_STRIP = NO;
				DEVELOPMENT_TEAM = 5SHR3N6R3U;
				DYLIB_COMPATIBILITY_VERSION = 1;
				DYLIB_CURRENT_VERSION = 1;
				ENABLE_NS_ASSERTIONS = NO;
				EXECUTABLE_PREFIX = lib;
				GCC_C_LANGUAGE_STANDARD = gnu11;
				GCC_WARN_ABOUT_RETURN_TYPE = YES_ERROR;
				GCC_WARN_UNINITIALIZED_AUTOS = YES_AGGRESSIVE;
				MTL_ENABLE_DEBUG_INFO = NO;
				MTL_FAST_MATH = YES;
				PRODUCT_NAME = "$(TARGET_NAME)";
				SKIP_INSTALL = YES;
			};
			name = Release;
		};
		FA88A0911680711D00915B81 /* Debug */ = {
			isa = XCBuildConfiguration;
			buildSettings = {
				ALWAYS_SEARCH_USER_PATHS = NO;
				ARCHS = "$(ARCHS_STANDARD)";
				CLANG_CXX_LANGUAGE_STANDARD = "gnu++0x";
				CLANG_CXX_LIBRARY = "libc++";
				CLANG_WARN_BLOCK_CAPTURE_AUTORELEASING = YES;
				CLANG_WARN_BOOL_CONVERSION = YES;
				CLANG_WARN_COMMA = YES;
				CLANG_WARN_CONSTANT_CONVERSION = YES;
				CLANG_WARN_DEPRECATED_OBJC_IMPLEMENTATIONS = YES;
				CLANG_WARN_EMPTY_BODY = YES;
				CLANG_WARN_ENUM_CONVERSION = YES;
				CLANG_WARN_INFINITE_RECURSION = YES;
				CLANG_WARN_INT_CONVERSION = YES;
				CLANG_WARN_NON_LITERAL_NULL_CONVERSION = YES;
				CLANG_WARN_OBJC_IMPLICIT_RETAIN_SELF = YES;
				CLANG_WARN_OBJC_LITERAL_CONVERSION = YES;
				CLANG_WARN_QUOTED_INCLUDE_IN_FRAMEWORK_HEADER = YES;
				CLANG_WARN_RANGE_LOOP_ANALYSIS = YES;
				CLANG_WARN_STRICT_PROTOTYPES = YES;
				CLANG_WARN_SUSPICIOUS_MOVE = YES;
				CLANG_WARN_UNREACHABLE_CODE = YES;
				CLANG_WARN__DUPLICATE_METHOD_MATCH = YES;
				CODE_SIGN_IDENTITY = "Apple Development";
				COPY_PHASE_STRIP = NO;
				DEVELOPMENT_TEAM = 5SHR3N6R3U;
				ENABLE_HARDENED_RUNTIME = YES;
				ENABLE_STRICT_OBJC_MSGSEND = YES;
				ENABLE_TESTABILITY = YES;
				GCC_C_LANGUAGE_STANDARD = gnu99;
				GCC_DYNAMIC_NO_PIC = NO;
				GCC_ENABLE_OBJC_EXCEPTIONS = YES;
				GCC_NO_COMMON_BLOCKS = YES;
				GCC_OPTIMIZATION_LEVEL = 0;
				GCC_PREPROCESSOR_DEFINITIONS = (
					"DEBUG=1",
					"$(inherited)",
				);
				GCC_SYMBOLS_PRIVATE_EXTERN = NO;
				GCC_WARN_64_TO_32_BIT_CONVERSION = YES;
				GCC_WARN_ABOUT_RETURN_TYPE = YES;
				GCC_WARN_UNDECLARED_SELECTOR = YES;
				GCC_WARN_UNINITIALIZED_AUTOS = YES;
				GCC_WARN_UNUSED_FUNCTION = YES;
				GCC_WARN_UNUSED_VARIABLE = YES;
				MACOSX_DEPLOYMENT_TARGET = 12.0;
				ONLY_ACTIVE_ARCH = YES;
				SDKROOT = macosx;
				VALID_ARCHS = i386;
				VERSIONING_SYSTEM = "apple-generic";
			};
			name = Debug;
		};
		FA88A0921680711D00915B81 /* Release */ = {
			isa = XCBuildConfiguration;
			buildSettings = {
				ALWAYS_SEARCH_USER_PATHS = NO;
				ARCHS = "$(ARCHS_STANDARD)";
				CLANG_CXX_LANGUAGE_STANDARD = "gnu++0x";
				CLANG_CXX_LIBRARY = "libc++";
				CLANG_WARN_BLOCK_CAPTURE_AUTORELEASING = YES;
				CLANG_WARN_BOOL_CONVERSION = YES;
				CLANG_WARN_COMMA = YES;
				CLANG_WARN_CONSTANT_CONVERSION = YES;
				CLANG_WARN_DEPRECATED_OBJC_IMPLEMENTATIONS = YES;
				CLANG_WARN_EMPTY_BODY = YES;
				CLANG_WARN_ENUM_CONVERSION = YES;
				CLANG_WARN_INFINITE_RECURSION = YES;
				CLANG_WARN_INT_CONVERSION = YES;
				CLANG_WARN_NON_LITERAL_NULL_CONVERSION = YES;
				CLANG_WARN_OBJC_IMPLICIT_RETAIN_SELF = YES;
				CLANG_WARN_OBJC_LITERAL_CONVERSION = YES;
				CLANG_WARN_QUOTED_INCLUDE_IN_FRAMEWORK_HEADER = YES;
				CLANG_WARN_RANGE_LOOP_ANALYSIS = YES;
				CLANG_WARN_STRICT_PROTOTYPES = YES;
				CLANG_WARN_SUSPICIOUS_MOVE = YES;
				CLANG_WARN_UNREACHABLE_CODE = YES;
				CLANG_WARN__DUPLICATE_METHOD_MATCH = YES;
				CODE_SIGN_IDENTITY = "Apple Development";
				COPY_PHASE_STRIP = YES;
				DEBUG_INFORMATION_FORMAT = "dwarf-with-dsym";
				DEVELOPMENT_TEAM = 5SHR3N6R3U;
				ENABLE_HARDENED_RUNTIME = YES;
				ENABLE_STRICT_OBJC_MSGSEND = YES;
				GCC_C_LANGUAGE_STANDARD = gnu99;
				GCC_ENABLE_OBJC_EXCEPTIONS = YES;
				GCC_NO_COMMON_BLOCKS = YES;
				GCC_WARN_64_TO_32_BIT_CONVERSION = YES;
				GCC_WARN_ABOUT_RETURN_TYPE = YES;
				GCC_WARN_UNDECLARED_SELECTOR = YES;
				GCC_WARN_UNINITIALIZED_AUTOS = YES;
				GCC_WARN_UNUSED_FUNCTION = YES;
				GCC_WARN_UNUSED_VARIABLE = YES;
				MACOSX_DEPLOYMENT_TARGET = 12.0;
				SDKROOT = macosx;
				VALID_ARCHS = i386;
				VERSIONING_SYSTEM = "apple-generic";
			};
			name = Release;
		};
		FA88A0941680711D00915B81 /* Debug */ = {
			isa = XCBuildConfiguration;
			buildSettings = {
				ARCHS = "$(ARCHS_STANDARD)";
				CLANG_ENABLE_OBJC_WEAK = YES;
				CODE_SIGN_IDENTITY = "Apple Development: Thomas Lebida (3TNGA74VN7)";
				DEVELOPMENT_TEAM = 5SHR3N6R3U;
				DYLIB_COMPATIBILITY_VERSION = 1;
				DYLIB_CURRENT_VERSION = 1;
				ENABLE_HARDENED_RUNTIME = YES;
				GCC_PRECOMPILE_PREFIX_HEADER = YES;
				GCC_PREFIX_HEADER = "RSBypass/RSBypass-Prefix.pch";
				PRODUCT_NAME = RSBypass;
				SDKROOT = macosx;
				VALID_ARCHS = "x86_64 arm64";
			};
			name = Debug;
		};
		FA88A0951680711D00915B81 /* Release */ = {
			isa = XCBuildConfiguration;
			buildSettings = {
				ARCHS = "$(ARCHS_STANDARD)";
				CLANG_ENABLE_OBJC_WEAK = YES;
				CODE_SIGN_IDENTITY = "Apple Development: Thomas Lebida (3TNGA74VN7)";
				DEVELOPMENT_TEAM = 5SHR3N6R3U;
				DYLIB_COMPATIBILITY_VERSION = 1;
				DYLIB_CURRENT_VERSION = 1;
				ENABLE_HARDENED_RUNTIME = YES;
				GCC_PRECOMPILE_PREFIX_HEADER = YES;
				GCC_PREFIX_HEADER = "RSBypass/RSBypass-Prefix.pch";
				PRODUCT_NAME = RSBypass;
				SDKROOT = macosx;
				VALID_ARCHS = "x86_64 arm64";
			};
			name = Release;
		};
/* End XCBuildConfiguration section */

/* Begin XCConfigurationList section */
		2ECA8D99274E719900A2C10F /* Build configuration list for PBXNativeTarget "Bypass" */ = {
			isa = XCConfigurationList;
			buildConfigurations = (
				2ECA8D97274E719900A2C10F /* Debug */,
				2ECA8D98274E719900A2C10F /* Release */,
			);
			defaultConfigurationIsVisible = 0;
			defaultConfigurationName = Release;
		};
		FA88A07C1680711D00915B81 /* Build configuration list for PBXProject "RSBypass" */ = {
			isa = XCConfigurationList;
			buildConfigurations = (
				FA88A0911680711D00915B81 /* Debug */,
				FA88A0921680711D00915B81 /* Release */,
			);
			defaultConfigurationIsVisible = 0;
			defaultConfigurationName = Release;
		};
		FA88A0931680711D00915B81 /* Build configuration list for PBXNativeTarget "RSBypass" */ = {
			isa = XCConfigurationList;
			buildConfigurations = (
				FA88A0941680711D00915B81 /* Debug */,
				FA88A0951680711D00915B81 /* Release */,
			);
			defaultConfigurationIsVisible = 0;
			defaultConfigurationName = Release;
		};
/* End XCConfigurationList section */
	};
	rootObject = FA88A0791680711D00915B81 /* Project object */;
}
